
Microsoft Visual Studio Solution File, Format Version 12.00
# Visual Studio Version 17
VisualStudioVersion = 17.5.33627.172
MinimumVisualStudioVersion = 10.0.40219.1
Project("{FAE04EC0-301F-11D3-BF4B-00C04F79EFBC}") = "PortableHttpServer", "PortableHttpServer\PortableHttpServer.csproj", "{26163878-CC2D-46E8-936C-726424998AE6}"
EndProject
Global
	GlobalSection(SolutionConfigurationPlatforms) = preSolution
		Debug|Any CPU = Debug|Any CPU
		Release|Any CPU = Release|Any CPU
	EndGlobalSection
	GlobalSection(ProjectConfigurationPlatforms) = postSolution
		{26163878-CC2D-46E8-936C-726424998AE6}.Debug|Any CPU.ActiveCfg = Debug|Any CPU
		{26163878-CC2D-46E8-936C-726424998AE6}.Debug|Any CPU.Build.0 = Debug|Any CPU
		{26163878-CC2D-46E8-936C-726424998AE6}.Release|Any CPU.ActiveCfg = Release|Any CPU
		{26163878-CC2D-46E8-936C-726424998AE6}.Release|Any CPU.Build.0 = Release|Any CPU
	EndGlobalSection
	GlobalSection(SolutionProperties) = preSolution
		HideSolutionNode = FALSE
	EndGlobalSection
	GlobalSection(ExtensibilityGlobals) = postSolution
		SolutionGuid = {03BB9992-F323-4C49-9D45-37810D15FB01}
	EndGlobalSection
EndGlobal
